
Microsoft Visual Studio Solution File, Format Version 12.00
Project("{FAE04EC0-301F-11D3-BF4B-00C04F79EFBC}") = "backend", "backend\backend.csproj", "{A5A84110-8C8E-4339-AF16-5378B586F578}"
EndProject
Global
	GlobalSection(SolutionConfigurationPlatforms) = preSolution
		Debug|Any CPU = Debug|Any CPU
		Release|Any CPU = Release|Any CPU
	EndGlobalSection
	GlobalSection(ProjectConfigurationPlatforms) = postSolution
		{A5A84110-8C8E-4339-AF16-5378B586F578}.Debug|Any CPU.ActiveCfg = Debug|Any CPU
		{A5A84110-8C8E-4339-AF16-5378B586F578}.Debug|Any CPU.Build.0 = Debug|Any CPU
		{A5A84110-8C8E-4339-AF16-5378B586F578}.Release|Any CPU.ActiveCfg = Release|Any CPU
		{A5A84110-8C8E-4339-AF16-5378B586F578}.Release|Any CPU.Build.0 = Release|Any CPU
	EndGlobalSection
EndGlobal
